// !$*UTF8*$!
{
	archiveVersion = 1;
	classes = {
	};
	objectVersion = 50;
	objects = {

/* Begin PBXBuildFile section */
		D028EAD82090B6A800E34687 /* AppDelegate.swift in Sources */ = {isa = PBXBuildFile; fileRef = D028EAD72090B6A800E34687 /* AppDelegate.swift */; };
		D028EADD2090B6A800E34687 /* Main.storyboard in Resources */ = {isa = PBXBuildFile; fileRef = D028EADB2090B6A800E34687 /* Main.storyboard */; };
		D028EADF2090B6A800E34687 /* Assets.xcassets in Resources */ = {isa = PBXBuildFile; fileRef = D028EADE2090B6A800E34687 /* Assets.xcassets */; };
		D028EAE22090B6A800E34687 /* LaunchScreen.storyboard in Resources */ = {isa = PBXBuildFile; fileRef = D028EAE02090B6A800E34687 /* LaunchScreen.storyboard */; };
		D028EAEE2090B99000E34687 /* MenuController.swift in Sources */ = {isa = PBXBuildFile; fileRef = D028EAED2090B99000E34687 /* MenuController.swift */; };
		D028EAF02090B9E000E34687 /* ALaCarteController.swift in Sources */ = {isa = PBXBuildFile; fileRef = D028EAEF2090B9E000E34687 /* ALaCarteController.swift */; };
		D028EAF22090BB8000E34687 /* MonTabBar.swift in Sources */ = {isa = PBXBuildFile; fileRef = D028EAF12090BB8000E34687 /* MonTabBar.swift */; };
		D028EAF52090BBD000E34687 /* Constantes.swift in Sources */ = {isa = PBXBuildFile; fileRef = D028EAF42090BBD000E34687 /* Constantes.swift */; };
		D028EAF72090BD7000E34687 /* MonNav.swift in Sources */ = {isa = PBXBuildFile; fileRef = D028EAF62090BD7000E34687 /* MonNav.swift */; };
		D028EAF92090C0F700E34687 /* MenuCell.swift in Sources */ = {isa = PBXBuildFile; fileRef = D028EAF82090C0F700E34687 /* MenuCell.swift */; };
/* End PBXBuildFile section */

/* Begin PBXFileReference section */
		D028EAD42090B6A800E34687 /* MonRestoDuMonde.app */ = {isa = PBXFileReference; explicitFileType = wrapper.application; includeInIndex = 0; path = MonRestoDuMonde.app; sourceTree = BUILT_PRODUCTS_DIR; };
		D028EAD72090B6A800E34687 /* AppDelegate.swift */ = {isa = PBXFileReference; lastKnownFileType = sourcecode.swift; path = AppDelegate.swift; sourceTree = "<group>"; };
		D028EADC2090B6A800E34687 /* Base */ = {isa = PBXFileReference; lastKnownFileType = file.storyboard; name = Base; path = Base.lproj/Main.storyboard; sourceTree = "<group>"; };
		D028EADE2090B6A800E34687 /* Assets.xcassets */ = {isa = PBXFileReference; lastKnownFileType = folder.assetcatalog; path = Assets.xcassets; sourceTree = "<group>"; };
		D028EAE12090B6A800E34687 /* Base */ = {isa = PBXFileReference; lastKnownFileType = file.storyboard; name = Base; path = Base.lproj/LaunchScreen.storyboard; sourceTree = "<group>"; };
		D028EAE32090B6A800E34687 /* Info.plist */ = {isa = PBXFileReference; lastKnownFileType = text.plist.xml; path = Info.plist; sourceTree = "<group>"; };
		D028EAED2090B99000E34687 /* MenuController.swift */ = {isa = PBXFileReference; lastKnownFileType = sourcecode.swift; path = MenuController.swift; sourceTree = "<group>"; };
		D028EAEF2090B9E000E34687 /* ALaCarteController.swift */ = {isa = PBXFileReference; lastKnownFileType = sourcecode.swift; path = ALaCarteController.swift; sourceTree = "<group>"; };
		D028EAF12090BB8000E34687 /* MonTabBar.swift */ = {isa = PBXFileReference; lastKnownFileType = sourcecode.swift; path = MonTabBar.swift; sourceTree = "<group>"; };
		D028EAF42090BBD000E34687 /* Constantes.swift */ = {isa = PBXFileReference; lastKnownFileType = sourcecode.swift; path = Constantes.swift; sourceTree = "<group>"; };
		D028EAF62090BD7000E34687 /* MonNav.swift */ = {isa = PBXFileReference; lastKnownFileType = sourcecode.swift; path = MonNav.swift; sourceTree = "<group>"; };
		D028EAF82090C0F700E34687 /* MenuCell.swift */ = {isa = PBXFileReference; lastKnownFileType = sourcecode.swift; path = MenuCell.swift; sourceTree = "<group>"; };
/* End PBXFileReference section */

/* Begin PBXFrameworksBuildPhase section */
		D028EAD12090B6A800E34687 /* Frameworks */ = {
			isa = PBXFrameworksBuildPhase;
			buildActionMask = 2147483647;
			files = (
			);
			runOnlyForDeploymentPostprocessing = 0;
		};
/* End PBXFrameworksBuildPhase section */

/* Begin PBXGroup section */
		D028EACB2090B6A800E34687 = {
			isa = PBXGroup;
			children = (
				D028EAD62090B6A800E34687 /* MonRestoDuMonde */,
				D028EAD52090B6A800E34687 /* Products */,
			);
			sourceTree = "<group>";
		};
		D028EAD52090B6A800E34687 /* Products */ = {
			isa = PBXGroup;
			children = (
				D028EAD42090B6A800E34687 /* MonRestoDuMonde.app */,
			);
			name = Products;
			sourceTree = "<group>";
		};
		D028EAD62090B6A800E34687 /* MonRestoDuMonde */ = {
			isa = PBXGroup;
			children = (
				D028EAF32090BBB000E34687 /* Utilitaire */,
				D028EAEA2090B91200E34687 /* Modèle */,
				D028EAEB2090B92900E34687 /* Vue */,
				D028EAEC2090B92F00E34687 /* Controller */,
				D028EAD72090B6A800E34687 /* AppDelegate.swift */,
				D028EADB2090B6A800E34687 /* Main.storyboard */,
				D028EADE2090B6A800E34687 /* Assets.xcassets */,
				D028EAE02090B6A800E34687 /* LaunchScreen.storyboard */,
				D028EAE32090B6A800E34687 /* Info.plist */,
			);
			path = MonRestoDuMonde;
			sourceTree = "<group>";
		};
		D028EAEA2090B91200E34687 /* Modèle */ = {
			isa = PBXGroup;
			children = (
			);
			name = "Modèle";
			path = "Modèle";
			sourceTree = "<group>";
		};
		D028EAEB2090B92900E34687 /* Vue */ = {
			isa = PBXGroup;
			children = (
				D028EAF82090C0F700E34687 /* MenuCell.swift */,
			);
			path = Vue;
			sourceTree = "<group>";
		};
		D028EAEC2090B92F00E34687 /* Controller */ = {
			isa = PBXGroup;
			children = (
				D028EAED2090B99000E34687 /* MenuController.swift */,
				D028EAEF2090B9E000E34687 /* ALaCarteController.swift */,
				D028EAF12090BB8000E34687 /* MonTabBar.swift */,
				D028EAF62090BD7000E34687 /* MonNav.swift */,
			);
			path = Controller;
			sourceTree = "<group>";
		};
		D028EAF32090BBB000E34687 /* Utilitaire */ = {
			isa = PBXGroup;
			children = (
				D028EAF42090BBD000E34687 /* Constantes.swift */,
			);
			path = Utilitaire;
			sourceTree = "<group>";
		};
/* End PBXGroup section */

/* Begin PBXNativeTarget section */
		D028EAD32090B6A800E34687 /* MonRestoDuMonde */ = {
			isa = PBXNativeTarget;
			buildConfigurationList = D028EAE62090B6A800E34687 /* Build configuration list for PBXNativeTarget "MonRestoDuMonde" */;
			buildPhases = (
				D028EAD02090B6A800E34687 /* Sources */,
				D028EAD12090B6A800E34687 /* Frameworks */,
				D028EAD22090B6A800E34687 /* Resources */,
			);
			buildRules = (
			);
			dependencies = (
			);
			name = MonRestoDuMonde;
			productName = MonRestoDuMonde;
			productReference = D028EAD42090B6A800E34687 /* MonRestoDuMonde.app */;
			productType = "com.apple.product-type.application";
		};
/* End PBXNativeTarget section */

/* Begin PBXProject section */
		D028EACC2090B6A800E34687 /* Project object */ = {
			isa = PBXProject;
			attributes = {
				LastSwiftUpdateCheck = 0930;
				LastUpgradeCheck = 0930;
				ORGANIZATIONNAME = "Riad Korimbacus";
				TargetAttributes = {
					D028EAD32090B6A800E34687 = {
						CreatedOnToolsVersion = 9.3;
					};
				};
			};
			buildConfigurationList = D028EACF2090B6A800E34687 /* Build configuration list for PBXProject "MonRestoDuMonde" */;
			compatibilityVersion = "Xcode 9.3";
			developmentRegion = en;
			hasScannedForEncodings = 0;
			knownRegions = (
				en,
				Base,
			);
			mainGroup = D028EACB2090B6A800E34687;
			productRefGroup = D028EAD52090B6A800E34687 /* Products */;
			projectDirPath = "";
			projectRoot = "";
			targets = (
				D028EAD32090B6A800E34687 /* MonRestoDuMonde */,
			);
		};
/* End PBXProject section */

/* Begin PBXResourcesBuildPhase section */
		D028EAD22090B6A800E34687 /* Resources */ = {
			isa = PBXResourcesBuildPhase;
			buildActionMask = 2147483647;
			files = (
				D028EAE22090B6A800E34687 /* LaunchScreen.storyboard in Resources */,
				D028EADF2090B6A800E34687 /* Assets.xcassets in Resources */,
				D028EADD2090B6A800E34687 /* Main.storyboard in Resources */,
			);
			runOnlyForDeploymentPostprocessing = 0;
		};
/* End PBXResourcesBuildPhase section */

/* Begin PBXSourcesBuildPhase section */
		D028EAD02090B6A800E34687 /* Sources */ = {
			isa = PBXSourcesBuildPhase;
			buildActionMask = 2147483647;
			files = (
				D028EAF92090C0F700E34687 /* MenuCell.swift in Sources */,
				D028EAF52090BBD000E34687 /* Constantes.swift in Sources */,
				D028EAF22090BB8000E34687 /* MonTabBar.swift in Sources */,
				D028EAF72090BD7000E34687 /* MonNav.swift in Sources */,
				D028EAEE2090B99000E34687 /* MenuController.swift in Sources */,
				D028EAD82090B6A800E34687 /* AppDelegate.swift in Sources */,
				D028EAF02090B9E000E34687 /* ALaCarteController.swift in Sources */,
			);
			runOnlyForDeploymentPostprocessing = 0;
		};
/* End PBXSourcesBuildPhase section */

/* Begin PBXVariantGroup section */
		D028EADB2090B6A800E34687 /* Main.storyboard */ = {
			isa = PBXVariantGroup;
			children = (
				D028EADC2090B6A800E34687 /* Base */,
			);
			name = Main.storyboard;
			sourceTree = "<group>";
		};
		D028EAE02090B6A800E34687 /* LaunchScreen.storyboard */ = {
			isa = PBXVariantGroup;
			children = (
				D028EAE12090B6A800E34687 /* Base */,
			);
			name = LaunchScreen.storyboard;
			sourceTree = "<group>";
		};
/* End PBXVariantGroup section */

/* Begin XCBuildConfiguration section */
		D028EAE42090B6A800E34687 /* Debug */ = {
			isa = XCBuildConfiguration;
			buildSettings = {
				ALWAYS_SEARCH_USER_PATHS = NO;
				CLANG_ANALYZER_NONNULL = YES;
				CLANG_ANALYZER_NUMBER_OBJECT_CONVERSION = YES_AGGRESSIVE;
				CLANG_CXX_LANGUAGE_STANDARD = "gnu++14";
				CLANG_CXX_LIBRARY = "libc++";
				CLANG_ENABLE_MODULES = YES;
				CLANG_ENABLE_OBJC_ARC = YES;
				CLANG_ENABLE_OBJC_WEAK = YES;
				CLANG_WARN_BLOCK_CAPTURE_AUTORELEASING = YES;
				CLANG_WARN_BOOL_CONVERSION = YES;
				CLANG_WARN_COMMA = YES;
				CLANG_WARN_CONSTANT_CONVERSION = YES;
				CLANG_WARN_DEPRECATED_OBJC_IMPLEMENTATIONS = YES;
				CLANG_WARN_DIRECT_OBJC_ISA_USAGE = YES_ERROR;
				CLANG_WARN_DOCUMENTATION_COMMENTS = YES;
				CLANG_WARN_EMPTY_BODY = YES;
				CLANG_WARN_ENUM_CONVERSION = YES;
				CLANG_WARN_INFINITE_RECURSION = YES;
				CLANG_WARN_INT_CONVERSION = YES;
				CLANG_WARN_NON_LITERAL_NULL_CONVERSION = YES;
				CLANG_WARN_OBJC_IMPLICIT_RETAIN_SELF = YES;
				CLANG_WARN_OBJC_LITERAL_CONVERSION = YES;
				CLANG_WARN_OBJC_ROOT_CLASS = YES_ERROR;
				CLANG_WARN_RANGE_LOOP_ANALYSIS = YES;
				CLANG_WARN_STRICT_PROTOTYPES = YES;
				CLANG_WARN_SUSPICIOUS_MOVE = YES;
				CLANG_WARN_UNGUARDED_AVAILABILITY = YES_AGGRESSIVE;
				CLANG_WARN_UNREACHABLE_CODE = YES;
				CLANG_WARN__DUPLICATE_METHOD_MATCH = YES;
				CODE_SIGN_IDENTITY = "iPhone Developer";
				COPY_PHASE_STRIP = NO;
				DEBUG_INFORMATION_FORMAT = dwarf;
				ENABLE_STRICT_OBJC_MSGSEND = YES;
				ENABLE_TESTABILITY = YES;
				GCC_C_LANGUAGE_STANDARD = gnu11;
				GCC_DYNAMIC_NO_PIC = NO;
				GCC_NO_COMMON_BLOCKS = YES;
				GCC_OPTIMIZATION_LEVEL = 0;
				GCC_PREPROCESSOR_DEFINITIONS = (
					"DEBUG=1",
					"$(inherited)",
				);
				GCC_WARN_64_TO_32_BIT_CONVERSION = YES;
				GCC_WARN_ABOUT_RETURN_TYPE = YES_ERROR;
				GCC_WARN_UNDECLARED_SELECTOR = YES;
				GCC_WARN_UNINITIALIZED_AUTOS = YES_AGGRESSIVE;
				GCC_WARN_UNUSED_FUNCTION = YES;
				GCC_WARN_UNUSED_VARIABLE = YES;
				IPHONEOS_DEPLOYMENT_TARGET = 11.3;
				MTL_ENABLE_DEBUG_INFO = YES;
				ONLY_ACTIVE_ARCH = YES;
				SDKROOT = iphoneos;
				SWIFT_ACTIVE_COMPILATION_CONDITIONS = DEBUG;
				SWIFT_OPTIMIZATION_LEVEL = "-Onone";
			};
			name = Debug;
		};
		D028EAE52090B6A800E34687 /* Release */ = {
			isa = XCBuildConfiguration;
			buildSettings = {
				ALWAYS_SEARCH_USER_PATHS = NO;
				CLANG_ANALYZER_NONNULL = YES;
				CLANG_ANALYZER_NUMBER_OBJECT_CONVERSION = YES_AGGRESSIVE;
				CLANG_CXX_LANGUAGE_STANDARD = "gnu++14";
				CLANG_CXX_LIBRARY = "libc++";
				CLANG_ENABLE_MODULES = YES;
				CLANG_ENABLE_OBJC_ARC = YES;
				CLANG_ENABLE_OBJC_WEAK = YES;
				CLANG_WARN_BLOCK_CAPTURE_AUTORELEASING = YES;
				CLANG_WARN_BOOL_CONVERSION = YES;
				CLANG_WARN_COMMA = YES;
				CLANG_WARN_CONSTANT_CONVERSION = YES;
				CLANG_WARN_DEPRECATED_OBJC_IMPLEMENTATIONS = YES;
				CLANG_WARN_DIRECT_OBJC_ISA_USAGE = YES_ERROR;
				CLANG_WARN_DOCUMENTATION_COMMENTS = YES;
				CLANG_WARN_EMPTY_BODY = YES;
				CLANG_WARN_ENUM_CONVERSION = YES;
				CLANG_WARN_INFINITE_RECURSION = YES;
				CLANG_WARN_INT_CONVERSION = YES;
				CLANG_WARN_NON_LITERAL_NULL_CONVERSION = YES;
				CLANG_WARN_OBJC_IMPLICIT_RETAIN_SELF = YES;
				CLANG_WARN_OBJC_LITERAL_CONVERSION = YES;
				CLANG_WARN_OBJC_ROOT_CLASS = YES_ERROR;
				CLANG_WARN_RANGE_LOOP_ANALYSIS = YES;
				CLANG_WARN_STRICT_PROTOTYPES = YES;
				CLANG_WARN_SUSPICIOUS_MOVE = YES;
				CLANG_WARN_UNGUARDED_AVAILABILITY = YES_AGGRESSIVE;
				CLANG_WARN_UNREACHABLE_CODE = YES;
				CLANG_WARN__DUPLICATE_METHOD_MATCH = YES;
				CODE_SIGN_IDENTITY = "iPhone Developer";
				COPY_PHASE_STRIP = NO;
				DEBUG_INFORMATION_FORMAT = "dwarf-with-dsym";
				ENABLE_NS_ASSERTIONS = NO;
				ENABLE_STRICT_OBJC_MSGSEND = YES;
				GCC_C_LANGUAGE_STANDARD = gnu11;
				GCC_NO_COMMON_BLOCKS = YES;
				GCC_WARN_64_TO_32_BIT_CONVERSION = YES;
				GCC_WARN_ABOUT_RETURN_TYPE = YES_ERROR;
				GCC_WARN_UNDECLARED_SELECTOR = YES;
				GCC_WARN_UNINITIALIZED_AUTOS = YES_AGGRESSIVE;
				GCC_WARN_UNUSED_FUNCTION = YES;
				GCC_WARN_UNUSED_VARIABLE = YES;
				IPHONEOS_DEPLOYMENT_TARGET = 11.3;
				MTL_ENABLE_DEBUG_INFO = NO;
				SDKROOT = iphoneos;
				SWIFT_COMPILATION_MODE = wholemodule;
				SWIFT_OPTIMIZATION_LEVEL = "-O";
				VALIDATE_PRODUCT = YES;
			};
			name = Release;
		};
		D028EAE72090B6A800E34687 /* Debug */ = {
			isa = XCBuildConfiguration;
			buildSettings = {
				ASSETCATALOG_COMPILER_APPICON_NAME = AppIcon;
				CODE_SIGN_STYLE = Automatic;
				DEVELOPMENT_TEAM = H33FT7525R;
				INFOPLIST_FILE = MonRestoDuMonde/Info.plist;
				LD_RUNPATH_SEARCH_PATHS = (
					"$(inherited)",
					"@executable_path/Frameworks",
				);
				PRODUCT_BUNDLE_IDENTIFIER = TT.MonRestoDuMonde;
				PRODUCT_NAME = "$(TARGET_NAME)";
				SWIFT_VERSION = 4.0;
				TARGETED_DEVICE_FAMILY = "1,2";
			};
			name = Debug;
		};
		D028EAE82090B6A800E34687 /* Release */ = {
			isa = XCBuildConfiguration;
			buildSettings = {
				ASSETCATALOG_COMPILER_APPICON_NAME = AppIcon;
				CODE_SIGN_STYLE = Automatic;
				DEVELOPMENT_TEAM = H33FT7525R;
				INFOPLIST_FILE = MonRestoDuMonde/Info.plist;
				LD_RUNPATH_SEARCH_PATHS = (
					"$(inherited)",
					"@executable_path/Frameworks",
				);
				PRODUCT_BUNDLE_IDENTIFIER = TT.MonRestoDuMonde;
				PRODUCT_NAME = "$(TARGET_NAME)";
				SWIFT_VERSION = 4.0;
				TARGETED_DEVICE_FAMILY = "1,2";
			};
			name = Release;
		};
/* End XCBuildConfiguration section */

/* Begin XCConfigurationList section */
		D028EACF2090B6A800E34687 /* Build configuration list for PBXProject "MonRestoDuMonde" */ = {
			isa = XCConfigurationList;
			buildConfigurations = (
				D028EAE42090B6A800E34687 /* Debug */,
				D028EAE52090B6A800E34687 /* Release */,
			);
			defaultConfigurationIsVisible = 0;
			defaultConfigurationName = Release;
		};
		D028EAE62090B6A800E34687 /* Build configuration list for PBXNativeTarget "MonRestoDuMonde" */ = {
			isa = XCConfigurationList;
			buildConfigurations = (
				D028EAE72090B6A800E34687 /* Debug */,
				D028EAE82090B6A800E34687 /* Release */,
			);
			defaultConfigurationIsVisible = 0;
			defaultConfigurationName = Release;
		};
/* End XCConfigurationList section */
	};
	rootObject = D028EACC2090B6A800E34687 /* Project object */;
}
